
Microsoft Visual Studio Solution File, Format Version 12.00
# Visual Studio Version 17
VisualStudioVersion = 17.3.32901.215
MinimumVisualStudioVersion = 10.0.40219.1
Project("{FAE04EC0-301F-11D3-BF4B-00C04F79EFBC}") = "CreatingModel", "CreatingModel\CreatingModel.csproj", "{BCB11FA2-C9F3-471A-9F55-61E9523E3ED1}"
EndProject
Global
	GlobalSection(SolutionConfigurationPlatforms) = preSolution
		Debug|Any CPU = Debug|Any CPU
		Release|Any CPU = Release|Any CPU
	EndGlobalSection
	GlobalSection(ProjectConfigurationPlatforms) = postSolution
		{BCB11FA2-C9F3-471A-9F55-61E9523E3ED1}.Debug|Any CPU.ActiveCfg = Debug|Any CPU
		{BCB11FA2-C9F3-471A-9F55-61E9523E3ED1}.Debug|Any CPU.Build.0 = Debug|Any CPU
		{BCB11FA2-C9F3-471A-9F55-61E9523E3ED1}.Release|Any CPU.ActiveCfg = Release|Any CPU
		{BCB11FA2-C9F3-471A-9F55-61E9523E3ED1}.Release|Any CPU.Build.0 = Release|Any CPU
	EndGlobalSection
	GlobalSection(SolutionProperties) = preSolution
		HideSolutionNode = FALSE
	EndGlobalSection
	GlobalSection(ExtensibilityGlobals) = postSolution
		SolutionGuid = {EA1B6141-28B1-49A9-9572-01BB4FA1B064}
	EndGlobalSection
EndGlobal
